
Microsoft Visual Studio Solution File, Format Version 12.00
# Visual Studio Version 16
VisualStudioVersion = 16.0.30114.105
MinimumVisualStudioVersion = 10.0.40219.1
Project("{8BC9CEB8-8B4A-11D0-8D11-00A0C91BC942}") = "bgi", "bgi.vcxproj", "{B0A1AF87-F642-456A-9C64-9C7ABBDF9EC1}"
EndProject
Global
	GlobalSection(SolutionConfigurationPlatforms) = preSolution
		Debug|x86 = Debug|x86
		Release|x86 = Release|x86
	EndGlobalSection
	GlobalSection(ProjectConfigurationPlatforms) = postSolution
		{B0A1AF87-F642-456A-9C64-9C7ABBDF9EC1}.Debug|x86.ActiveCfg = Debug|Win32
		{B0A1AF87-F642-456A-9C64-9C7ABBDF9EC1}.Debug|x86.Build.0 = Debug|Win32
		{B0A1AF87-F642-456A-9C64-9C7ABBDF9EC1}.Release|x86.ActiveCfg = Release|Win32
		{B0A1AF87-F642-456A-9C64-9C7ABBDF9EC1}.Release|x86.Build.0 = Release|Win32
	EndGlobalSection
	GlobalSection(SolutionProperties) = preSolution
		HideSolutionNode = FALSE
	EndGlobalSection
	GlobalSection(ExtensibilityGlobals) = postSolution
		SolutionGuid = {DAC30966-CA57-418F-A303-F460869F4E28}
	EndGlobalSection
EndGlobal
